// !$*UTF8*$!
{
	archiveVersion = 1;
	classes = {
	};
	objectVersion = 55;
	objects = {

/* Begin PBXBuildFile section */
		9752C14B28579B9B00FD8D1B /* libGaussianBlur_d.dylib in Frameworks */ = {isa = PBXBuildFile; fileRef = 9752C14A28579B9B00FD8D1B /* libGaussianBlur_d.dylib */; };
		9752C14C28579B9B00FD8D1B /* libGaussianBlur_d.dylib in Embed Libraries */ = {isa = PBXBuildFile; fileRef = 9752C14A28579B9B00FD8D1B /* libGaussianBlur_d.dylib */; settings = {ATTRIBUTES = (CodeSignOnCopy, ); }; };
		9752C2162857CB4600FD8D1B /* ImageProcessor.swift in Sources */ = {isa = PBXBuildFile; fileRef = 9752C2152857CB4600FD8D1B /* ImageProcessor.swift */; };
		978AF0C42854F709003F0FA6 /* AppDelegate.swift in Sources */ = {isa = PBXBuildFile; fileRef = 978AF0C32854F709003F0FA6 /* AppDelegate.swift */; };
		978AF0C62854F709003F0FA6 /* ViewController.swift in Sources */ = {isa = PBXBuildFile; fileRef = 978AF0C52854F709003F0FA6 /* ViewController.swift */; };
		978AF0C82854F70B003F0FA6 /* Assets.xcassets in Resources */ = {isa = PBXBuildFile; fileRef = 978AF0C72854F70B003F0FA6 /* Assets.xcassets */; };
		978AF0CB2854F70C003F0FA6 /* Main.storyboard in Resources */ = {isa = PBXBuildFile; fileRef = 978AF0C92854F70C003F0FA6 /* Main.storyboard */; };
		978AF0DA2854FB7B003F0FA6 /* GaussianWrapper.mm in Sources */ = {isa = PBXBuildFile; fileRef = 978AF0D92854FB7B003F0FA6 /* GaussianWrapper.mm */; };
		97FDCF4C285623A700BAD9A7 /* MyCustomCell.swift in Sources */ = {isa = PBXBuildFile; fileRef = 97FDCF4B285623A700BAD9A7 /* MyCustomCell.swift */; };
		D93F206A96901B647AC4F183 /* Pods_MacOSGaussianBlur.framework in Frameworks */ = {isa = PBXBuildFile; fileRef = 5EB6A3B78A94785FBE92C401 /* Pods_MacOSGaussianBlur.framework */; };
/* End PBXBuildFile section */

/* Begin PBXCopyFilesBuildPhase section */
		9752C14D28579B9B00FD8D1B /* Embed Libraries */ = {
			isa = PBXCopyFilesBuildPhase;
			buildActionMask = 2147483647;
			dstPath = "";
			dstSubfolderSpec = 10;
			files = (
				9752C14C28579B9B00FD8D1B /* libGaussianBlur_d.dylib in Embed Libraries */,
			);
			name = "Embed Libraries";
			runOnlyForDeploymentPostprocessing = 0;
		};
/* End PBXCopyFilesBuildPhase section */

/* Begin PBXFileReference section */
		0B0A5CDB015A33A3DD78071A /* Pods-MacOSGaussianBlur.release.xcconfig */ = {isa = PBXFileReference; includeInIndex = 1; lastKnownFileType = text.xcconfig; name = "Pods-MacOSGaussianBlur.release.xcconfig"; path = "Target Support Files/Pods-MacOSGaussianBlur/Pods-MacOSGaussianBlur.release.xcconfig"; sourceTree = "<group>"; };
		1F73CFA9ECA30C8312BABFC1 /* Pods-MacOSGaussianBlur.debug.xcconfig */ = {isa = PBXFileReference; includeInIndex = 1; lastKnownFileType = text.xcconfig; name = "Pods-MacOSGaussianBlur.debug.xcconfig"; path = "Target Support Files/Pods-MacOSGaussianBlur/Pods-MacOSGaussianBlur.debug.xcconfig"; sourceTree = "<group>"; };
		5EB6A3B78A94785FBE92C401 /* Pods_MacOSGaussianBlur.framework */ = {isa = PBXFileReference; explicitFileType = wrapper.framework; includeInIndex = 0; path = Pods_MacOSGaussianBlur.framework; sourceTree = BUILT_PRODUCTS_DIR; };
		9752C14A28579B9B00FD8D1B /* libGaussianBlur_d.dylib */ = {isa = PBXFileReference; lastKnownFileType = "compiled.mach-o.dylib"; name = libGaussianBlur_d.dylib; path = task_9/build/lib/libGaussianBlur_d.dylib; sourceTree = "<group>"; };
		9752C2152857CB4600FD8D1B /* ImageProcessor.swift */ = {isa = PBXFileReference; lastKnownFileType = sourcecode.swift; path = ImageProcessor.swift; sourceTree = "<group>"; };
		978AF0C02854F709003F0FA6 /* MacOSGaussianBlur.app */ = {isa = PBXFileReference; explicitFileType = wrapper.application; includeInIndex = 0; path = MacOSGaussianBlur.app; sourceTree = BUILT_PRODUCTS_DIR; };
		978AF0C32854F709003F0FA6 /* AppDelegate.swift */ = {isa = PBXFileReference; lastKnownFileType = sourcecode.swift; path = AppDelegate.swift; sourceTree = "<group>"; };
		978AF0C52854F709003F0FA6 /* ViewController.swift */ = {isa = PBXFileReference; lastKnownFileType = sourcecode.swift; path = ViewController.swift; sourceTree = "<group>"; };
		978AF0C72854F70B003F0FA6 /* Assets.xcassets */ = {isa = PBXFileReference; lastKnownFileType = folder.assetcatalog; path = Assets.xcassets; sourceTree = "<group>"; };
		978AF0CA2854F70C003F0FA6 /* Base */ = {isa = PBXFileReference; lastKnownFileType = file.storyboard; name = Base; path = Base.lproj/Main.storyboard; sourceTree = "<group>"; };
		978AF0CC2854F70C003F0FA6 /* MacOSGaussianBlur.entitlements */ = {isa = PBXFileReference; lastKnownFileType = text.plist.entitlements; path = MacOSGaussianBlur.entitlements; sourceTree = "<group>"; };
		978AF0D72854FB7B003F0FA6 /* MacOSGaussianBlur-Bridging-Header.h */ = {isa = PBXFileReference; lastKnownFileType = sourcecode.c.h; path = "MacOSGaussianBlur-Bridging-Header.h"; sourceTree = "<group>"; };
		978AF0D82854FB7B003F0FA6 /* GaussianWrapper.h */ = {isa = PBXFileReference; lastKnownFileType = sourcecode.c.h; path = GaussianWrapper.h; sourceTree = "<group>"; };
		978AF0D92854FB7B003F0FA6 /* GaussianWrapper.mm */ = {isa = PBXFileReference; lastKnownFileType = sourcecode.cpp.objcpp; path = GaussianWrapper.mm; sourceTree = "<group>"; };
		97FDCF4B285623A700BAD9A7 /* MyCustomCell.swift */ = {isa = PBXFileReference; lastKnownFileType = sourcecode.swift; path = MyCustomCell.swift; sourceTree = "<group>"; };
/* End PBXFileReference section */

/* Begin PBXFrameworksBuildPhase section */
		978AF0BD2854F709003F0FA6 /* Frameworks */ = {
			isa = PBXFrameworksBuildPhase;
			buildActionMask = 2147483647;
			files = (
				9752C14B28579B9B00FD8D1B /* libGaussianBlur_d.dylib in Frameworks */,
				D93F206A96901B647AC4F183 /* Pods_MacOSGaussianBlur.framework in Frameworks */,
			);
			runOnlyForDeploymentPostprocessing = 0;
		};
/* End PBXFrameworksBuildPhase section */

/* Begin PBXGroup section */
		591305D0DE03B1FB4FC7BE37 /* Pods */ = {
			isa = PBXGroup;
			children = (
				1F73CFA9ECA30C8312BABFC1 /* Pods-MacOSGaussianBlur.debug.xcconfig */,
				0B0A5CDB015A33A3DD78071A /* Pods-MacOSGaussianBlur.release.xcconfig */,
			);
			name = Pods;
			path = Pods;
			sourceTree = "<group>";
		};
		9752C14928579B9B00FD8D1B /* Frameworks */ = {
			isa = PBXGroup;
			children = (
				9752C14A28579B9B00FD8D1B /* libGaussianBlur_d.dylib */,
				5EB6A3B78A94785FBE92C401 /* Pods_MacOSGaussianBlur.framework */,
			);
			name = Frameworks;
			sourceTree = "<group>";
		};
		9752C2172857CB6F00FD8D1B /* Resources */ = {
			isa = PBXGroup;
			children = (
				978AF0C92854F70C003F0FA6 /* Main.storyboard */,
				978AF0C72854F70B003F0FA6 /* Assets.xcassets */,
			);
			path = Resources;
			sourceTree = "<group>";
		};
		9752C2182857CB8500FD8D1B /* Stories */ = {
			isa = PBXGroup;
			children = (
				978AF0C52854F709003F0FA6 /* ViewController.swift */,
			);
			path = Stories;
			sourceTree = "<group>";
		};
		978AF0B72854F709003F0FA6 = {
			isa = PBXGroup;
			children = (
				978AF0C22854F709003F0FA6 /* MacOSGaussianBlur */,
				978AF0C12854F709003F0FA6 /* Products */,
				9752C14928579B9B00FD8D1B /* Frameworks */,
				591305D0DE03B1FB4FC7BE37 /* Pods */,
			);
			sourceTree = "<group>";
		};
		978AF0C12854F709003F0FA6 /* Products */ = {
			isa = PBXGroup;
			children = (
				978AF0C02854F709003F0FA6 /* MacOSGaussianBlur.app */,
			);
			name = Products;
			sourceTree = "<group>";
		};
		978AF0C22854F709003F0FA6 /* MacOSGaussianBlur */ = {
			isa = PBXGroup;
			children = (
				9752C2182857CB8500FD8D1B /* Stories */,
				9752C2172857CB6F00FD8D1B /* Resources */,
				97FDCF4A2856090900BAD9A7 /* ExternalLibWrapper */,
				978AF0C32854F709003F0FA6 /* AppDelegate.swift */,
				978AF0CC2854F70C003F0FA6 /* MacOSGaussianBlur.entitlements */,
				978AF0D72854FB7B003F0FA6 /* MacOSGaussianBlur-Bridging-Header.h */,
				97FDCF4B285623A700BAD9A7 /* MyCustomCell.swift */,
				9752C2152857CB4600FD8D1B /* ImageProcessor.swift */,
			);
			path = MacOSGaussianBlur;
			sourceTree = "<group>";
		};
		97FDCF4A2856090900BAD9A7 /* ExternalLibWrapper */ = {
			isa = PBXGroup;
			children = (
				978AF0D82854FB7B003F0FA6 /* GaussianWrapper.h */,
				978AF0D92854FB7B003F0FA6 /* GaussianWrapper.mm */,
			);
			path = ExternalLibWrapper;
			sourceTree = "<group>";
		};
/* End PBXGroup section */

/* Begin PBXNativeTarget section */
		978AF0BF2854F709003F0FA6 /* MacOSGaussianBlur */ = {
			isa = PBXNativeTarget;
			buildConfigurationList = 978AF0CF2854F70C003F0FA6 /* Build configuration list for PBXNativeTarget "MacOSGaussianBlur" */;
			buildPhases = (
				571AD4D128A28744EFE5C3D0 /* [CP] Check Pods Manifest.lock */,
				978AF0BC2854F709003F0FA6 /* Sources */,
				978AF0BD2854F709003F0FA6 /* Frameworks */,
				978AF0BE2854F709003F0FA6 /* Resources */,
				9752C14D28579B9B00FD8D1B /* Embed Libraries */,
				EE53380F4BC962C8B9ABDFF3 /* [CP] Embed Pods Frameworks */,
			);
			buildRules = (
			);
			dependencies = (
			);
			name = MacOSGaussianBlur;
			productName = MacOSGaussianBlur;
			productReference = 978AF0C02854F709003F0FA6 /* MacOSGaussianBlur.app */;
			productType = "com.apple.product-type.application";
		};
/* End PBXNativeTarget section */

/* Begin PBXProject section */
		978AF0B82854F709003F0FA6 /* Project object */ = {
			isa = PBXProject;
			attributes = {
				BuildIndependentTargetsInParallel = 1;
				LastSwiftUpdateCheck = 1340;
				LastUpgradeCheck = 1340;
				TargetAttributes = {
					978AF0BF2854F709003F0FA6 = {
						CreatedOnToolsVersion = 13.4.1;
						LastSwiftMigration = 1340;
					};
				};
			};
			buildConfigurationList = 978AF0BB2854F709003F0FA6 /* Build configuration list for PBXProject "MacOSGaussianBlur" */;
			compatibilityVersion = "Xcode 13.0";
			developmentRegion = en;
			hasScannedForEncodings = 0;
			knownRegions = (
				en,
				Base,
			);
			mainGroup = 978AF0B72854F709003F0FA6;
			productRefGroup = 978AF0C12854F709003F0FA6 /* Products */;
			projectDirPath = "";
			projectRoot = "";
			targets = (
				978AF0BF2854F709003F0FA6 /* MacOSGaussianBlur */,
			);
		};
/* End PBXProject section */

/* Begin PBXResourcesBuildPhase section */
		978AF0BE2854F709003F0FA6 /* Resources */ = {
			isa = PBXResourcesBuildPhase;
			buildActionMask = 2147483647;
			files = (
				978AF0C82854F70B003F0FA6 /* Assets.xcassets in Resources */,
				978AF0CB2854F70C003F0FA6 /* Main.storyboard in Resources */,
			);
			runOnlyForDeploymentPostprocessing = 0;
		};
/* End PBXResourcesBuildPhase section */

/* Begin PBXShellScriptBuildPhase section */
		571AD4D128A28744EFE5C3D0 /* [CP] Check Pods Manifest.lock */ = {
			isa = PBXShellScriptBuildPhase;
			buildActionMask = 2147483647;
			files = (
			);
			inputFileListPaths = (
			);
			inputPaths = (
				"${PODS_PODFILE_DIR_PATH}/Podfile.lock",
				"${PODS_ROOT}/Manifest.lock",
			);
			name = "[CP] Check Pods Manifest.lock";
			outputFileListPaths = (
			);
			outputPaths = (
				"$(DERIVED_FILE_DIR)/Pods-MacOSGaussianBlur-checkManifestLockResult.txt",
			);
			runOnlyForDeploymentPostprocessing = 0;
			shellPath = /bin/sh;
			shellScript = "diff \"${PODS_PODFILE_DIR_PATH}/Podfile.lock\" \"${PODS_ROOT}/Manifest.lock\" > /dev/null\nif [ $? != 0 ] ; then\n    # print error to STDERR\n    echo \"error: The sandbox is not in sync with the Podfile.lock. Run 'pod install' or update your CocoaPods installation.\" >&2\n    exit 1\nfi\n# This output is used by Xcode 'outputs' to avoid re-running this script phase.\necho \"SUCCESS\" > \"${SCRIPT_OUTPUT_FILE_0}\"\n";
			showEnvVarsInLog = 0;
		};
		EE53380F4BC962C8B9ABDFF3 /* [CP] Embed Pods Frameworks */ = {
			isa = PBXShellScriptBuildPhase;
			buildActionMask = 2147483647;
			files = (
			);
			inputFileListPaths = (
				"${PODS_ROOT}/Target Support Files/Pods-MacOSGaussianBlur/Pods-MacOSGaussianBlur-frameworks-${CONFIGURATION}-input-files.xcfilelist",
			);
			name = "[CP] Embed Pods Frameworks";
			outputFileListPaths = (
				"${PODS_ROOT}/Target Support Files/Pods-MacOSGaussianBlur/Pods-MacOSGaussianBlur-frameworks-${CONFIGURATION}-output-files.xcfilelist",
			);
			runOnlyForDeploymentPostprocessing = 0;
			shellPath = /bin/sh;
			shellScript = "\"${PODS_ROOT}/Target Support Files/Pods-MacOSGaussianBlur/Pods-MacOSGaussianBlur-frameworks.sh\"\n";
			showEnvVarsInLog = 0;
		};
/* End PBXShellScriptBuildPhase section */

/* Begin PBXSourcesBuildPhase section */
		978AF0BC2854F709003F0FA6 /* Sources */ = {
			isa = PBXSourcesBuildPhase;
			buildActionMask = 2147483647;
			files = (
				978AF0C62854F709003F0FA6 /* ViewController.swift in Sources */,
				978AF0C42854F709003F0FA6 /* AppDelegate.swift in Sources */,
				9752C2162857CB4600FD8D1B /* ImageProcessor.swift in Sources */,
				97FDCF4C285623A700BAD9A7 /* MyCustomCell.swift in Sources */,
				978AF0DA2854FB7B003F0FA6 /* GaussianWrapper.mm in Sources */,
			);
			runOnlyForDeploymentPostprocessing = 0;
		};
/* End PBXSourcesBuildPhase section */

/* Begin PBXVariantGroup section */
		978AF0C92854F70C003F0FA6 /* Main.storyboard */ = {
			isa = PBXVariantGroup;
			children = (
				978AF0CA2854F70C003F0FA6 /* Base */,
			);
			name = Main.storyboard;
			sourceTree = "<group>";
		};
/* End PBXVariantGroup section */

/* Begin XCBuildConfiguration section */
		978AF0CD2854F70C003F0FA6 /* Debug */ = {
			isa = XCBuildConfiguration;
			buildSettings = {
				ALWAYS_SEARCH_USER_PATHS = NO;
				CLANG_ANALYZER_NONNULL = YES;
				CLANG_ANALYZER_NUMBER_OBJECT_CONVERSION = YES_AGGRESSIVE;
				CLANG_CXX_LANGUAGE_STANDARD = "gnu++17";
				CLANG_ENABLE_MODULES = YES;
				CLANG_ENABLE_OBJC_ARC = YES;
				CLANG_ENABLE_OBJC_WEAK = YES;
				CLANG_WARN_BLOCK_CAPTURE_AUTORELEASING = YES;
				CLANG_WARN_BOOL_CONVERSION = YES;
				CLANG_WARN_COMMA = YES;
				CLANG_WARN_CONSTANT_CONVERSION = YES;
				CLANG_WARN_DEPRECATED_OBJC_IMPLEMENTATIONS = YES;
				CLANG_WARN_DIRECT_OBJC_ISA_USAGE = YES_ERROR;
				CLANG_WARN_DOCUMENTATION_COMMENTS = YES;
				CLANG_WARN_EMPTY_BODY = YES;
				CLANG_WARN_ENUM_CONVERSION = YES;
				CLANG_WARN_INFINITE_RECURSION = YES;
				CLANG_WARN_INT_CONVERSION = YES;
				CLANG_WARN_NON_LITERAL_NULL_CONVERSION = YES;
				CLANG_WARN_OBJC_IMPLICIT_RETAIN_SELF = YES;
				CLANG_WARN_OBJC_LITERAL_CONVERSION = YES;
				CLANG_WARN_OBJC_ROOT_CLASS = YES_ERROR;
				CLANG_WARN_QUOTED_INCLUDE_IN_FRAMEWORK_HEADER = YES;
				CLANG_WARN_RANGE_LOOP_ANALYSIS = YES;
				CLANG_WARN_STRICT_PROTOTYPES = YES;
				CLANG_WARN_SUSPICIOUS_MOVE = YES;
				CLANG_WARN_UNGUARDED_AVAILABILITY = YES_AGGRESSIVE;
				CLANG_WARN_UNREACHABLE_CODE = YES;
				CLANG_WARN__DUPLICATE_METHOD_MATCH = YES;
				COPY_PHASE_STRIP = NO;
				DEBUG_INFORMATION_FORMAT = dwarf;
				ENABLE_STRICT_OBJC_MSGSEND = YES;
				ENABLE_TESTABILITY = YES;
				GCC_C_LANGUAGE_STANDARD = gnu11;
				GCC_DYNAMIC_NO_PIC = NO;
				GCC_NO_COMMON_BLOCKS = YES;
				GCC_OPTIMIZATION_LEVEL = 0;
				GCC_PREPROCESSOR_DEFINITIONS = (
					"DEBUG=1",
					"$(inherited)",
				);
				GCC_WARN_64_TO_32_BIT_CONVERSION = YES;
				GCC_WARN_ABOUT_RETURN_TYPE = YES_ERROR;
				GCC_WARN_UNDECLARED_SELECTOR = YES;
				GCC_WARN_UNINITIALIZED_AUTOS = YES_AGGRESSIVE;
				GCC_WARN_UNUSED_FUNCTION = YES;
				GCC_WARN_UNUSED_VARIABLE = YES;
				MACOSX_DEPLOYMENT_TARGET = 12.3;
				MTL_ENABLE_DEBUG_INFO = INCLUDE_SOURCE;
				MTL_FAST_MATH = YES;
				ONLY_ACTIVE_ARCH = YES;
				SDKROOT = macosx;
				SWIFT_ACTIVE_COMPILATION_CONDITIONS = DEBUG;
				SWIFT_OPTIMIZATION_LEVEL = "-Onone";
			};
			name = Debug;
		};
		978AF0CE2854F70C003F0FA6 /* Release */ = {
			isa = XCBuildConfiguration;
			buildSettings = {
				ALWAYS_SEARCH_USER_PATHS = NO;
				CLANG_ANALYZER_NONNULL = YES;
				CLANG_ANALYZER_NUMBER_OBJECT_CONVERSION = YES_AGGRESSIVE;
				CLANG_CXX_LANGUAGE_STANDARD = "gnu++17";
				CLANG_ENABLE_MODULES = YES;
				CLANG_ENABLE_OBJC_ARC = YES;
				CLANG_ENABLE_OBJC_WEAK = YES;
				CLANG_WARN_BLOCK_CAPTURE_AUTORELEASING = YES;
				CLANG_WARN_BOOL_CONVERSION = YES;
				CLANG_WARN_COMMA = YES;
				CLANG_WARN_CONSTANT_CONVERSION = YES;
				CLANG_WARN_DEPRECATED_OBJC_IMPLEMENTATIONS = YES;
				CLANG_WARN_DIRECT_OBJC_ISA_USAGE = YES_ERROR;
				CLANG_WARN_DOCUMENTATION_COMMENTS = YES;
				CLANG_WARN_EMPTY_BODY = YES;
				CLANG_WARN_ENUM_CONVERSION = YES;
				CLANG_WARN_INFINITE_RECURSION = YES;
				CLANG_WARN_INT_CONVERSION = YES;
				CLANG_WARN_NON_LITERAL_NULL_CONVERSION = YES;
				CLANG_WARN_OBJC_IMPLICIT_RETAIN_SELF = YES;
				CLANG_WARN_OBJC_LITERAL_CONVERSION = YES;
				CLANG_WARN_OBJC_ROOT_CLASS = YES_ERROR;
				CLANG_WARN_QUOTED_INCLUDE_IN_FRAMEWORK_HEADER = YES;
				CLANG_WARN_RANGE_LOOP_ANALYSIS = YES;
				CLANG_WARN_STRICT_PROTOTYPES = YES;
				CLANG_WARN_SUSPICIOUS_MOVE = YES;
				CLANG_WARN_UNGUARDED_AVAILABILITY = YES_AGGRESSIVE;
				CLANG_WARN_UNREACHABLE_CODE = YES;
				CLANG_WARN__DUPLICATE_METHOD_MATCH = YES;
				COPY_PHASE_STRIP = NO;
				DEBUG_INFORMATION_FORMAT = "dwarf-with-dsym";
				ENABLE_NS_ASSERTIONS = NO;
				ENABLE_STRICT_OBJC_MSGSEND = YES;
				GCC_C_LANGUAGE_STANDARD = gnu11;
				GCC_NO_COMMON_BLOCKS = YES;
				GCC_WARN_64_TO_32_BIT_CONVERSION = YES;
				GCC_WARN_ABOUT_RETURN_TYPE = YES_ERROR;
				GCC_WARN_UNDECLARED_SELECTOR = YES;
				GCC_WARN_UNINITIALIZED_AUTOS = YES_AGGRESSIVE;
				GCC_WARN_UNUSED_FUNCTION = YES;
				GCC_WARN_UNUSED_VARIABLE = YES;
				MACOSX_DEPLOYMENT_TARGET = 12.3;
				MTL_ENABLE_DEBUG_INFO = NO;
				MTL_FAST_MATH = YES;
				SDKROOT = macosx;
				SWIFT_COMPILATION_MODE = wholemodule;
				SWIFT_OPTIMIZATION_LEVEL = "-O";
			};
			name = Release;
		};
		978AF0D02854F70C003F0FA6 /* Debug */ = {
			isa = XCBuildConfiguration;
			baseConfigurationReference = 1F73CFA9ECA30C8312BABFC1 /* Pods-MacOSGaussianBlur.debug.xcconfig */;
			buildSettings = {
				ASSETCATALOG_COMPILER_APPICON_NAME = AppIcon;
				ASSETCATALOG_COMPILER_GLOBAL_ACCENT_COLOR_NAME = AccentColor;
				CLANG_ENABLE_MODULES = YES;
				CODE_SIGN_ENTITLEMENTS = MacOSGaussianBlur/MacOSGaussianBlur.entitlements;
				CODE_SIGN_STYLE = Automatic;
				COMBINE_HIDPI_IMAGES = YES;
				CURRENT_PROJECT_VERSION = 1;
				GENERATE_INFOPLIST_FILE = YES;
				HEADER_SEARCH_PATHS = "$(PROJECT_DIR)/task_9/src";
				INFOPLIST_KEY_NSHumanReadableCopyright = "";
				INFOPLIST_KEY_NSMainStoryboardFile = Main;
				INFOPLIST_KEY_NSPrincipalClass = NSApplication;
				LD_RUNPATH_SEARCH_PATHS = (
					"$(inherited)",
					"@executable_path/../Frameworks",
				);
				LIBRARY_SEARCH_PATHS = (
					"$(inherited)",
					"$(PROJECT_DIR)/task_9/build/lib",
				);
				MARKETING_VERSION = 1.0;
				PRODUCT_BUNDLE_IDENTIFIER = ua.edu.ukma.litvinchuk.MacOSGaussianBlur;
				PRODUCT_NAME = "$(TARGET_NAME)";
				SWIFT_EMIT_LOC_STRINGS = YES;
				SWIFT_OBJC_BRIDGING_HEADER = "MacOSGaussianBlur/MacOSGaussianBlur-Bridging-Header.h";
				SWIFT_OPTIMIZATION_LEVEL = "-Onone";
				SWIFT_VERSION = 5.0;
			};
			name = Debug;
		};
		978AF0D12854F70C003F0FA6 /* Release */ = {
			isa = XCBuildConfiguration;
			baseConfigurationReference = 0B0A5CDB015A33A3DD78071A /* Pods-MacOSGaussianBlur.release.xcconfig */;
			buildSettings = {
				ASSETCATALOG_COMPILER_APPICON_NAME = AppIcon;
				ASSETCATALOG_COMPILER_GLOBAL_ACCENT_COLOR_NAME = AccentColor;
				CLANG_ENABLE_MODULES = YES;
				CODE_SIGN_ENTITLEMENTS = MacOSGaussianBlur/MacOSGaussianBlur.entitlements;
				CODE_SIGN_STYLE = Automatic;
				COMBINE_HIDPI_IMAGES = YES;
				CURRENT_PROJECT_VERSION = 1;
				GENERATE_INFOPLIST_FILE = YES;
				HEADER_SEARCH_PATHS = "$(PROJECT_DIR)/task_9/src";
				INFOPLIST_KEY_NSHumanReadableCopyright = "";
				INFOPLIST_KEY_NSMainStoryboardFile = Main;
				INFOPLIST_KEY_NSPrincipalClass = NSApplication;
				LD_RUNPATH_SEARCH_PATHS = (
					"$(inherited)",
					"@executable_path/../Frameworks",
				);
				LIBRARY_SEARCH_PATHS = (
					"$(inherited)",
					"$(PROJECT_DIR)/task_9/build/lib",
				);
				MARKETING_VERSION = 1.0;
				PRODUCT_BUNDLE_IDENTIFIER = ua.edu.ukma.litvinchuk.MacOSGaussianBlur;
				PRODUCT_NAME = "$(TARGET_NAME)";
				SWIFT_EMIT_LOC_STRINGS = YES;
				SWIFT_OBJC_BRIDGING_HEADER = "MacOSGaussianBlur/MacOSGaussianBlur-Bridging-Header.h";
				SWIFT_VERSION = 5.0;
			};
			name = Release;
		};
/* End XCBuildConfiguration section */

/* Begin XCConfigurationList section */
		978AF0BB2854F709003F0FA6 /* Build configuration list for PBXProject "MacOSGaussianBlur" */ = {
			isa = XCConfigurationList;
			buildConfigurations = (
				978AF0CD2854F70C003F0FA6 /* Debug */,
				978AF0CE2854F70C003F0FA6 /* Release */,
			);
			defaultConfigurationIsVisible = 0;
			defaultConfigurationName = Release;
		};
		978AF0CF2854F70C003F0FA6 /* Build configuration list for PBXNativeTarget "MacOSGaussianBlur" */ = {
			isa = XCConfigurationList;
			buildConfigurations = (
				978AF0D02854F70C003F0FA6 /* Debug */,
				978AF0D12854F70C003F0FA6 /* Release */,
			);
			defaultConfigurationIsVisible = 0;
			defaultConfigurationName = Release;
		};
/* End XCConfigurationList section */
	};
	rootObject = 978AF0B82854F709003F0FA6 /* Project object */;
}
